
Microsoft Visual Studio Solution File, Format Version 12.00
# Visual Studio Version 17
VisualStudioVersion = 17.1.32328.378
MinimumVisualStudioVersion = 10.0.40219.1
Project("{FAE04EC0-301F-11D3-BF4B-00C04F79EFBC}") = "Prova3-semestre1", "Prova3-semestre1\Prova3-semestre1.csproj", "{05D6ACFD-C08C-43A7-94B0-7595F76DB6B3}"
EndProject
Global
	GlobalSection(SolutionConfigurationPlatforms) = preSolution
		Debug|Any CPU = Debug|Any CPU
		Release|Any CPU = Release|Any CPU
	EndGlobalSection
	GlobalSection(ProjectConfigurationPlatforms) = postSolution
		{05D6ACFD-C08C-43A7-94B0-7595F76DB6B3}.Debug|Any CPU.ActiveCfg = Debug|Any CPU
		{05D6ACFD-C08C-43A7-94B0-7595F76DB6B3}.Debug|Any CPU.Build.0 = Debug|Any CPU
		{05D6ACFD-C08C-43A7-94B0-7595F76DB6B3}.Release|Any CPU.ActiveCfg = Release|Any CPU
		{05D6ACFD-C08C-43A7-94B0-7595F76DB6B3}.Release|Any CPU.Build.0 = Release|Any CPU
	EndGlobalSection
	GlobalSection(SolutionProperties) = preSolution
		HideSolutionNode = FALSE
	EndGlobalSection
	GlobalSection(ExtensibilityGlobals) = postSolution
		SolutionGuid = {A2AEBF5F-25C0-4906-AE87-1B3C95EBF20B}
	EndGlobalSection
EndGlobal
